
Microsoft Visual Studio Solution File, Format Version 12.00
# Visual Studio Version 16
VisualStudioVersion = 16.0.29424.173
MinimumVisualStudioVersion = 10.0.40219.1
Project("{FAE04EC0-301F-11D3-BF4B-00C04F79EFBC}") = "IdentityDemo", "IdentityDemo\IdentityDemo.csproj", "{00099E11-CAA3-4898-827D-0BFE7444DD2F}"
EndProject
Global
	GlobalSection(SolutionConfigurationPlatforms) = preSolution
		Debug|Any CPU = Debug|Any CPU
		Release|Any CPU = Release|Any CPU
	EndGlobalSection
	GlobalSection(ProjectConfigurationPlatforms) = postSolution
		{00099E11-CAA3-4898-827D-0BFE7444DD2F}.Debug|Any CPU.ActiveCfg = Debug|Any CPU
		{00099E11-CAA3-4898-827D-0BFE7444DD2F}.Debug|Any CPU.Build.0 = Debug|Any CPU
		{00099E11-CAA3-4898-827D-0BFE7444DD2F}.Release|Any CPU.ActiveCfg = Release|Any CPU
		{00099E11-CAA3-4898-827D-0BFE7444DD2F}.Release|Any CPU.Build.0 = Release|Any CPU
	EndGlobalSection
	GlobalSection(SolutionProperties) = preSolution
		HideSolutionNode = FALSE
	EndGlobalSection
	GlobalSection(ExtensibilityGlobals) = postSolution
		SolutionGuid = {977FB870-7980-4F9B-8AA8-7B7EB0DD4347}
	EndGlobalSection
EndGlobal
